
Microsoft Visual Studio Solution File, Format Version 12.00
# Visual Studio 14
VisualStudioVersion = 14.0.25420.1
MinimumVisualStudioVersion = 10.0.40219.1
Project("{8BC9CEB8-8B4A-11D0-8D11-00A0C91BC942}") = "CarveLibWrapper", "CarveLibWrapper\CarveLibWrapper.vcxproj", "{CBCA6DF2-ADAC-41BC-A1C7-7941E95FA798}"
EndProject
Project("{FAE04EC0-301F-11D3-BF4B-00C04F79EFBC}") = "CarveSharp", "CarveSharp\CarveSharp.csproj", "{E0784070-C3EE-4B1C-9794-8C6E5E1952E6}"
	ProjectSection(ProjectDependencies) = postProject
		{CBCA6DF2-ADAC-41BC-A1C7-7941E95FA798} = {CBCA6DF2-ADAC-41BC-A1C7-7941E95FA798}
	EndProjectSection
EndProject
Project("{FAE04EC0-301F-11D3-BF4B-00C04F79EFBC}") = "CarveRC", "CarveRC\CarveRC.csproj", "{E48051FE-BB5C-4F40-A514-383ED5A937FD}"
EndProject
Project("{FAE04EC0-301F-11D3-BF4B-00C04F79EFBC}") = "CarveRhino", "CarveRhino\CarveRhino.csproj", "{FDD098B8-BAEA-4813-9676-2FC06C0F25F5}"
EndProject
Project("{FAE04EC0-301F-11D3-BF4B-00C04F79EFBC}") = "CarveGH", "CarveGH\CarveGH.csproj", "{98EC087D-6238-4952-B0E2-665EAF2CB113}"
EndProject
Global
	GlobalSection(SolutionConfigurationPlatforms) = preSolution
		Debug|Any CPU = Debug|Any CPU
		Debug|x64 = Debug|x64
		Debug|x86 = Debug|x86
		Debug32|Any CPU = Debug32|Any CPU
		Debug32|x64 = Debug32|x64
		Debug32|x86 = Debug32|x86
		Debug64|Any CPU = Debug64|Any CPU
		Debug64|x64 = Debug64|x64
		Debug64|x86 = Debug64|x86
		Release|Any CPU = Release|Any CPU
		Release|x64 = Release|x64
		Release|x86 = Release|x86
	EndGlobalSection
	GlobalSection(ProjectConfigurationPlatforms) = postSolution
		{CBCA6DF2-ADAC-41BC-A1C7-7941E95FA798}.Debug|Any CPU.ActiveCfg = Release|x64
		{CBCA6DF2-ADAC-41BC-A1C7-7941E95FA798}.Debug|Any CPU.Build.0 = Release|x64
		{CBCA6DF2-ADAC-41BC-A1C7-7941E95FA798}.Debug|x64.ActiveCfg = Release|x64
		{CBCA6DF2-ADAC-41BC-A1C7-7941E95FA798}.Debug|x64.Build.0 = Release|x64
		{CBCA6DF2-ADAC-41BC-A1C7-7941E95FA798}.Debug|x86.ActiveCfg = Release|x64
		{CBCA6DF2-ADAC-41BC-A1C7-7941E95FA798}.Debug|x86.Build.0 = Release|x64
		{CBCA6DF2-ADAC-41BC-A1C7-7941E95FA798}.Debug32|Any CPU.ActiveCfg = Release|x64
		{CBCA6DF2-ADAC-41BC-A1C7-7941E95FA798}.Debug32|Any CPU.Build.0 = Release|x64
		{CBCA6DF2-ADAC-41BC-A1C7-7941E95FA798}.Debug32|x64.ActiveCfg = Release|x64
		{CBCA6DF2-ADAC-41BC-A1C7-7941E95FA798}.Debug32|x64.Build.0 = Release|x64
		{CBCA6DF2-ADAC-41BC-A1C7-7941E95FA798}.Debug32|x86.ActiveCfg = Release|x64
		{CBCA6DF2-ADAC-41BC-A1C7-7941E95FA798}.Debug32|x86.Build.0 = Release|x64
		{CBCA6DF2-ADAC-41BC-A1C7-7941E95FA798}.Debug64|Any CPU.ActiveCfg = Release|x64
		{CBCA6DF2-ADAC-41BC-A1C7-7941E95FA798}.Debug64|Any CPU.Build.0 = Release|x64
		{CBCA6DF2-ADAC-41BC-A1C7-7941E95FA798}.Debug64|x64.ActiveCfg = Release|x64
		{CBCA6DF2-ADAC-41BC-A1C7-7941E95FA798}.Debug64|x64.Build.0 = Release|x64
		{CBCA6DF2-ADAC-41BC-A1C7-7941E95FA798}.Debug64|x86.ActiveCfg = Release|x64
		{CBCA6DF2-ADAC-41BC-A1C7-7941E95FA798}.Debug64|x86.Build.0 = Release|x64
		{CBCA6DF2-ADAC-41BC-A1C7-7941E95FA798}.Release|Any CPU.ActiveCfg = Release|x64
		{CBCA6DF2-ADAC-41BC-A1C7-7941E95FA798}.Release|Any CPU.Build.0 = Release|x64
		{CBCA6DF2-ADAC-41BC-A1C7-7941E95FA798}.Release|x64.ActiveCfg = Release|x64
		{CBCA6DF2-ADAC-41BC-A1C7-7941E95FA798}.Release|x64.Build.0 = Release|x64
		{CBCA6DF2-ADAC-41BC-A1C7-7941E95FA798}.Release|x86.ActiveCfg = Release|x64
		{CBCA6DF2-ADAC-41BC-A1C7-7941E95FA798}.Release|x86.Build.0 = Release|x64
		{E0784070-C3EE-4B1C-9794-8C6E5E1952E6}.Debug|Any CPU.ActiveCfg = Release|x64
		{E0784070-C3EE-4B1C-9794-8C6E5E1952E6}.Debug|Any CPU.Build.0 = Release|x64
		{E0784070-C3EE-4B1C-9794-8C6E5E1952E6}.Debug|x64.ActiveCfg = Release|x64
		{E0784070-C3EE-4B1C-9794-8C6E5E1952E6}.Debug|x64.Build.0 = Release|x64
		{E0784070-C3EE-4B1C-9794-8C6E5E1952E6}.Debug|x86.ActiveCfg = Release|x64
		{E0784070-C3EE-4B1C-9794-8C6E5E1952E6}.Debug|x86.Build.0 = Release|x64
		{E0784070-C3EE-4B1C-9794-8C6E5E1952E6}.Debug32|Any CPU.ActiveCfg = Release|x64
		{E0784070-C3EE-4B1C-9794-8C6E5E1952E6}.Debug32|Any CPU.Build.0 = Release|x64
		{E0784070-C3EE-4B1C-9794-8C6E5E1952E6}.Debug32|x64.ActiveCfg = Release|x64
		{E0784070-C3EE-4B1C-9794-8C6E5E1952E6}.Debug32|x64.Build.0 = Release|x64
		{E0784070-C3EE-4B1C-9794-8C6E5E1952E6}.Debug32|x86.ActiveCfg = Release|x64
		{E0784070-C3EE-4B1C-9794-8C6E5E1952E6}.Debug32|x86.Build.0 = Release|x64
		{E0784070-C3EE-4B1C-9794-8C6E5E1952E6}.Debug64|Any CPU.ActiveCfg = Release|x64
		{E0784070-C3EE-4B1C-9794-8C6E5E1952E6}.Debug64|Any CPU.Build.0 = Release|x64
		{E0784070-C3EE-4B1C-9794-8C6E5E1952E6}.Debug64|x64.ActiveCfg = Release|x64
		{E0784070-C3EE-4B1C-9794-8C6E5E1952E6}.Debug64|x64.Build.0 = Release|x64
		{E0784070-C3EE-4B1C-9794-8C6E5E1952E6}.Debug64|x86.ActiveCfg = Release|x64
		{E0784070-C3EE-4B1C-9794-8C6E5E1952E6}.Debug64|x86.Build.0 = Release|x64
		{E0784070-C3EE-4B1C-9794-8C6E5E1952E6}.Release|Any CPU.ActiveCfg = Release|x64
		{E0784070-C3EE-4B1C-9794-8C6E5E1952E6}.Release|Any CPU.Build.0 = Release|x64
		{E0784070-C3EE-4B1C-9794-8C6E5E1952E6}.Release|x64.ActiveCfg = Release|x64
		{E0784070-C3EE-4B1C-9794-8C6E5E1952E6}.Release|x64.Build.0 = Release|x64
		{E0784070-C3EE-4B1C-9794-8C6E5E1952E6}.Release|x86.ActiveCfg = Release|x64
		{E0784070-C3EE-4B1C-9794-8C6E5E1952E6}.Release|x86.Build.0 = Release|x64
		{E48051FE-BB5C-4F40-A514-383ED5A937FD}.Debug|Any CPU.ActiveCfg = Release|Any CPU
		{E48051FE-BB5C-4F40-A514-383ED5A937FD}.Debug|Any CPU.Build.0 = Release|Any CPU
		{E48051FE-BB5C-4F40-A514-383ED5A937FD}.Debug|x64.ActiveCfg = Release|Any CPU
		{E48051FE-BB5C-4F40-A514-383ED5A937FD}.Debug|x64.Build.0 = Release|Any CPU
		{E48051FE-BB5C-4F40-A514-383ED5A937FD}.Debug|x86.ActiveCfg = Release|Any CPU
		{E48051FE-BB5C-4F40-A514-383ED5A937FD}.Debug|x86.Build.0 = Release|Any CPU
		{E48051FE-BB5C-4F40-A514-383ED5A937FD}.Debug32|Any CPU.ActiveCfg = Release|Any CPU
		{E48051FE-BB5C-4F40-A514-383ED5A937FD}.Debug32|Any CPU.Build.0 = Release|Any CPU
		{E48051FE-BB5C-4F40-A514-383ED5A937FD}.Debug32|x64.ActiveCfg = Release|Any CPU
		{E48051FE-BB5C-4F40-A514-383ED5A937FD}.Debug32|x64.Build.0 = Release|Any CPU
		{E48051FE-BB5C-4F40-A514-383ED5A937FD}.Debug32|x86.ActiveCfg = Release|Any CPU
		{E48051FE-BB5C-4F40-A514-383ED5A937FD}.Debug32|x86.Build.0 = Release|Any CPU
		{E48051FE-BB5C-4F40-A514-383ED5A937FD}.Debug64|Any CPU.ActiveCfg = Release|Any CPU
		{E48051FE-BB5C-4F40-A514-383ED5A937FD}.Debug64|Any CPU.Build.0 = Release|Any CPU
		{E48051FE-BB5C-4F40-A514-383ED5A937FD}.Debug64|x64.ActiveCfg = Release|Any CPU
		{E48051FE-BB5C-4F40-A514-383ED5A937FD}.Debug64|x64.Build.0 = Release|Any CPU
		{E48051FE-BB5C-4F40-A514-383ED5A937FD}.Debug64|x86.ActiveCfg = Release|Any CPU
		{E48051FE-BB5C-4F40-A514-383ED5A937FD}.Debug64|x86.Build.0 = Release|Any CPU
		{E48051FE-BB5C-4F40-A514-383ED5A937FD}.Release|Any CPU.ActiveCfg = Release|Any CPU
		{E48051FE-BB5C-4F40-A514-383ED5A937FD}.Release|Any CPU.Build.0 = Release|Any CPU
		{E48051FE-BB5C-4F40-A514-383ED5A937FD}.Release|x64.ActiveCfg = Release|Any CPU
		{E48051FE-BB5C-4F40-A514-383ED5A937FD}.Release|x64.Build.0 = Release|Any CPU
		{E48051FE-BB5C-4F40-A514-383ED5A937FD}.Release|x86.ActiveCfg = Release|Any CPU
		{E48051FE-BB5C-4F40-A514-383ED5A937FD}.Release|x86.Build.0 = Release|Any CPU
		{FDD098B8-BAEA-4813-9676-2FC06C0F25F5}.Debug|Any CPU.ActiveCfg = Release|Any CPU
		{FDD098B8-BAEA-4813-9676-2FC06C0F25F5}.Debug|Any CPU.Build.0 = Release|Any CPU
		{FDD098B8-BAEA-4813-9676-2FC06C0F25F5}.Debug|x64.ActiveCfg = Release|Any CPU
		{FDD098B8-BAEA-4813-9676-2FC06C0F25F5}.Debug|x64.Build.0 = Release|Any CPU
		{FDD098B8-BAEA-4813-9676-2FC06C0F25F5}.Debug|x86.ActiveCfg = Release|Any CPU
		{FDD098B8-BAEA-4813-9676-2FC06C0F25F5}.Debug|x86.Build.0 = Release|Any CPU
		{FDD098B8-BAEA-4813-9676-2FC06C0F25F5}.Debug32|Any CPU.ActiveCfg = Release|Any CPU
		{FDD098B8-BAEA-4813-9676-2FC06C0F25F5}.Debug32|Any CPU.Build.0 = Release|Any CPU
		{FDD098B8-BAEA-4813-9676-2FC06C0F25F5}.Debug32|x64.ActiveCfg = Release|Any CPU
		{FDD098B8-BAEA-4813-9676-2FC06C0F25F5}.Debug32|x64.Build.0 = Release|Any CPU
		{FDD098B8-BAEA-4813-9676-2FC06C0F25F5}.Debug32|x86.ActiveCfg = Release|Any CPU
		{FDD098B8-BAEA-4813-9676-2FC06C0F25F5}.Debug32|x86.Build.0 = Release|Any CPU
		{FDD098B8-BAEA-4813-9676-2FC06C0F25F5}.Debug64|Any CPU.ActiveCfg = Release|Any CPU
		{FDD098B8-BAEA-4813-9676-2FC06C0F25F5}.Debug64|Any CPU.Build.0 = Release|Any CPU
		{FDD098B8-BAEA-4813-9676-2FC06C0F25F5}.Debug64|x64.ActiveCfg = Release|Any CPU
		{FDD098B8-BAEA-4813-9676-2FC06C0F25F5}.Debug64|x64.Build.0 = Release|Any CPU
		{FDD098B8-BAEA-4813-9676-2FC06C0F25F5}.Debug64|x86.ActiveCfg = Release|Any CPU
		{FDD098B8-BAEA-4813-9676-2FC06C0F25F5}.Debug64|x86.Build.0 = Release|Any CPU
		{FDD098B8-BAEA-4813-9676-2FC06C0F25F5}.Release|Any CPU.ActiveCfg = Release|Any CPU
		{FDD098B8-BAEA-4813-9676-2FC06C0F25F5}.Release|Any CPU.Build.0 = Release|Any CPU
		{FDD098B8-BAEA-4813-9676-2FC06C0F25F5}.Release|x64.ActiveCfg = Release|Any CPU
		{FDD098B8-BAEA-4813-9676-2FC06C0F25F5}.Release|x64.Build.0 = Release|Any CPU
		{FDD098B8-BAEA-4813-9676-2FC06C0F25F5}.Release|x86.ActiveCfg = Release|Any CPU
		{FDD098B8-BAEA-4813-9676-2FC06C0F25F5}.Release|x86.Build.0 = Release|Any CPU
		{98EC087D-6238-4952-B0E2-665EAF2CB113}.Debug|Any CPU.ActiveCfg = Release|Any CPU
		{98EC087D-6238-4952-B0E2-665EAF2CB113}.Debug|Any CPU.Build.0 = Release|Any CPU
		{98EC087D-6238-4952-B0E2-665EAF2CB113}.Debug|x64.ActiveCfg = Release|Any CPU
		{98EC087D-6238-4952-B0E2-665EAF2CB113}.Debug|x64.Build.0 = Release|Any CPU
		{98EC087D-6238-4952-B0E2-665EAF2CB113}.Debug|x86.ActiveCfg = Release|Any CPU
		{98EC087D-6238-4952-B0E2-665EAF2CB113}.Debug|x86.Build.0 = Release|Any CPU
		{98EC087D-6238-4952-B0E2-665EAF2CB113}.Debug32|Any CPU.ActiveCfg = Release|Any CPU
		{98EC087D-6238-4952-B0E2-665EAF2CB113}.Debug32|Any CPU.Build.0 = Release|Any CPU
		{98EC087D-6238-4952-B0E2-665EAF2CB113}.Debug32|x64.ActiveCfg = Release|Any CPU
		{98EC087D-6238-4952-B0E2-665EAF2CB113}.Debug32|x64.Build.0 = Release|Any CPU
		{98EC087D-6238-4952-B0E2-665EAF2CB113}.Debug32|x86.ActiveCfg = Release|Any CPU
		{98EC087D-6238-4952-B0E2-665EAF2CB113}.Debug32|x86.Build.0 = Release|Any CPU
		{98EC087D-6238-4952-B0E2-665EAF2CB113}.Debug64|Any CPU.ActiveCfg = Release|Any CPU
		{98EC087D-6238-4952-B0E2-665EAF2CB113}.Debug64|Any CPU.Build.0 = Release|Any CPU
		{98EC087D-6238-4952-B0E2-665EAF2CB113}.Debug64|x64.ActiveCfg = Release|Any CPU
		{98EC087D-6238-4952-B0E2-665EAF2CB113}.Debug64|x64.Build.0 = Release|Any CPU
		{98EC087D-6238-4952-B0E2-665EAF2CB113}.Debug64|x86.ActiveCfg = Release|Any CPU
		{98EC087D-6238-4952-B0E2-665EAF2CB113}.Debug64|x86.Build.0 = Release|Any CPU
		{98EC087D-6238-4952-B0E2-665EAF2CB113}.Release|Any CPU.ActiveCfg = Release|Any CPU
		{98EC087D-6238-4952-B0E2-665EAF2CB113}.Release|Any CPU.Build.0 = Release|Any CPU
		{98EC087D-6238-4952-B0E2-665EAF2CB113}.Release|x64.ActiveCfg = Release|Any CPU
		{98EC087D-6238-4952-B0E2-665EAF2CB113}.Release|x64.Build.0 = Release|Any CPU
		{98EC087D-6238-4952-B0E2-665EAF2CB113}.Release|x86.ActiveCfg = Release|Any CPU
		{98EC087D-6238-4952-B0E2-665EAF2CB113}.Release|x86.Build.0 = Release|Any CPU
	EndGlobalSection
	GlobalSection(SolutionProperties) = preSolution
		HideSolutionNode = FALSE
	EndGlobalSection
EndGlobal
